github.com/hexops/vecty v0.6.0/go.mod h1:hVOPHAhrkXTf/9fl31Bpn2QvkW2ZOUZ0I3b3cohwCpI=
github.com/soypat/gwasm v0.0.3/go.mod h1:E5X6KR00phzzQy857HYgcPpD0rOsc8FV28jf4W8V19k=
github.com/soypat/gwasm v0.0.11 h1:4i7ohSIt/DE9P1thTH0RXERObNlkuiYplnGRPkj6O2c=
github.com/soypat/gwasm v0.0.11/go.mod h1:E5X6KR00phzzQy857HYgcPpD0rOsc8FV28jf4W8V19k=
github.com/soypat/three v0.0.0-20220501183759-e2d2208ad9b5 h1:JyaeBGODhYhZa/Np9jdeZAlhioS38ZVCmgNDqgWycFE=
github.com/soypat/three v0.0.0-20220501183759-e2d2208ad9b5/go.mod h1:SYpPRY4bTHieJAauUviDyPDtVHpnLM4OA1UIQdxazgk=
golang.org/x/exp v0.0.0-20191002040644-a1355ae1e2c3 h1:n9HxLrNxWWtEb1cA950nuEEj3QnKbtsCJ6KjcgisNUs=
gonum.org/v1/gonum v0.11.0 h1:f1IJhK4Km5tBJmaiJXtk/PkL4cdVX6J+tGiM187uT5E=
gonum.org/v1/gonum v0.11.0/go.mod h1:fSG4YDCxxUZQJ7rKsQrj0gMOg00Il0Z96/qMA4bVQhA=
